Microsoft Visual Studio Solution File, Format Version 12.00
# Visual Studio Version 17
VisualStudioVersion = 17.5.2.0
MinimumVisualStudioVersion = 10.0.40219.1
Project("{FAE04EC0-301F-11D3-BF4B-00C04F79EFBC}") = "MicrosoftAgentFramework", "MicrosoftAgentFramework.csproj", "{B1A3CA86-A25F-1041-BD91-D0A42DEF3402}"
EndProject
Global
	GlobalSection(SolutionConfigurationPlatforms) = preSolution
		Debug|Any CPU = Debug|Any CPU
		Release|Any CPU = Release|Any CPU
	EndGlobalSection
	GlobalSection(ProjectConfigurationPlatforms) = postSolution
		{B1A3CA86-A25F-1041-BD91-D0A42DEF3402}.Debug|Any CPU.ActiveCfg = Debug|Any CPU
		{B1A3CA86-A25F-1041-BD91-D0A42DEF3402}.Debug|Any CPU.Build.0 = Debug|Any CPU
		{B1A3CA86-A25F-1041-BD91-D0A42DEF3402}.Release|Any CPU.ActiveCfg = Release|Any CPU
		{B1A3CA86-A25F-1041-BD91-D0A42DEF3402}.Release|Any CPU.Build.0 = Release|Any CPU
	EndGlobalSection
	GlobalSection(SolutionProperties) = preSolution
		HideSolutionNode = FALSE
	EndGlobalSection
	GlobalSection(ExtensibilityGlobals) = postSolution
		SolutionGuid = {0C210279-F548-4FB3-A76E-8D7B44526941}
	EndGlobalSection
EndGlobal
